// !$*UTF8*$!
{
	archiveVersion = 1;
	classes = {
	};
	objectVersion = 56;
	objects = {

/* Begin PBXBuildFile section */
		1B4310862B18C7A2000637FE /* AppDelegate.swift in Sources */ = {isa = PBXBuildFile; fileRef = 1B4310852B18C7A2000637FE /* AppDelegate.swift */; };
		1B4310882B18C7A2000637FE /* SceneDelegate.swift in Sources */ = {isa = PBXBuildFile; fileRef = 1B4310872B18C7A2000637FE /* SceneDelegate.swift */; };
		1B43108A2B18C7A2000637FE /* ViewController.swift in Sources */ = {isa = PBXBuildFile; fileRef = 1B4310892B18C7A2000637FE /* ViewController.swift */; };
		1B43108D2B18C7A2000637FE /* Main.storyboard in Resources */ = {isa = PBXBuildFile; fileRef = 1B43108B2B18C7A2000637FE /* Main.storyboard */; };
		1B43108F2B18C7A4000637FE /* Assets.xcassets in Resources */ = {isa = PBXBuildFile; fileRef = 1B43108E2B18C7A4000637FE /* Assets.xcassets */; };
		1B4310922B18C7A4000637FE /* LaunchScreen.storyboard in Resources */ = {isa = PBXBuildFile; fileRef = 1B4310902B18C7A4000637FE /* LaunchScreen.storyboard */; };
		1B43109D2B18C7A4000637FE /* GCDTests.swift in Sources */ = {isa = PBXBuildFile; fileRef = 1B43109C2B18C7A4000637FE /* GCDTests.swift */; };
		1B4310A72B18C7A4000637FE /* GCDUITests.swift in Sources */ = {isa = PBXBuildFile; fileRef = 1B4310A62B18C7A4000637FE /* GCDUITests.swift */; };
		1B4310A92B18C7A4000637FE /* GCDUITestsLaunchTests.swift in Sources */ = {isa = PBXBuildFile; fileRef = 1B4310A82B18C7A4000637FE /* GCDUITestsLaunchTests.swift */; };
		1B4310B62B18C9C9000637FE /* SecondViewController.swift in Sources */ = {isa = PBXBuildFile; fileRef = 1B4310B52B18C9C9000637FE /* SecondViewController.swift */; };
/* End PBXBuildFile section */

/* Begin PBXContainerItemProxy section */
		1B4310992B18C7A4000637FE /* PBXContainerItemProxy */ = {
			isa = PBXContainerItemProxy;
			containerPortal = 1B43107A2B18C7A2000637FE /* Project object */;
			proxyType = 1;
			remoteGlobalIDString = 1B4310812B18C7A2000637FE;
			remoteInfo = GCD;
		};
		1B4310A32B18C7A4000637FE /* PBXContainerItemProxy */ = {
			isa = PBXContainerItemProxy;
			containerPortal = 1B43107A2B18C7A2000637FE /* Project object */;
			proxyType = 1;
			remoteGlobalIDString = 1B4310812B18C7A2000637FE;
			remoteInfo = GCD;
		};
/* End PBXContainerItemProxy section */

/* Begin PBXFileReference section */
		1B4310822B18C7A2000637FE /* GCD.app */ = {isa = PBXFileReference; explicitFileType = wrapper.application; includeInIndex = 0; path = GCD.app; sourceTree = BUILT_PRODUCTS_DIR; };
		1B4310852B18C7A2000637FE /* AppDelegate.swift */ = {isa = PBXFileReference; lastKnownFileType = sourcecode.swift; path = AppDelegate.swift; sourceTree = "<group>"; };
		1B4310872B18C7A2000637FE /* SceneDelegate.swift */ = {isa = PBXFileReference; lastKnownFileType = sourcecode.swift; path = SceneDelegate.swift; sourceTree = "<group>"; };
		1B4310892B18C7A2000637FE /* ViewController.swift */ = {isa = PBXFileReference; lastKnownFileType = sourcecode.swift; path = ViewController.swift; sourceTree = "<group>"; };
		1B43108C2B18C7A2000637FE /* Base */ = {isa = PBXFileReference; lastKnownFileType = file.storyboard; name = Base; path = Base.lproj/Main.storyboard; sourceTree = "<group>"; };
		1B43108E2B18C7A4000637FE /* Assets.xcassets */ = {isa = PBXFileReference; lastKnownFileType = folder.assetcatalog; path = Assets.xcassets; sourceTree = "<group>"; };
		1B4310912B18C7A4000637FE /* Base */ = {isa = PBXFileReference; lastKnownFileType = file.storyboard; name = Base; path = Base.lproj/LaunchScreen.storyboard; sourceTree = "<group>"; };
		1B4310932B18C7A4000637FE /* Info.plist */ = {isa = PBXFileReference; lastKnownFileType = text.plist.xml; path = Info.plist; sourceTree = "<group>"; };
		1B4310982B18C7A4000637FE /* GCDTests.xctest */ = {isa = PBXFileReference; explicitFileType = wrapper.cfbundle; includeInIndex = 0; path = GCDTests.xctest; sourceTree = BUILT_PRODUCTS_DIR; };
		1B43109C2B18C7A4000637FE /* GCDTests.swift */ = {isa = PBXFileReference; lastKnownFileType = sourcecode.swift; path = GCDTests.swift; sourceTree = "<group>"; };
		1B4310A22B18C7A4000637FE /* GCDUITests.xctest */ = {isa = PBXFileReference; explicitFileType = wrapper.cfbundle; includeInIndex = 0; path = GCDUITests.xctest; sourceTree = BUILT_PRODUCTS_DIR; };
		1B4310A62B18C7A4000637FE /* GCDUITests.swift */ = {isa = PBXFileReference; lastKnownFileType = sourcecode.swift; path = GCDUITests.swift; sourceTree = "<group>"; };
		1B4310A82B18C7A4000637FE /* GCDUITestsLaunchTests.swift */ = {isa = PBXFileReference; lastKnownFileType = sourcecode.swift; path = GCDUITestsLaunchTests.swift; sourceTree = "<group>"; };
		1B4310B52B18C9C9000637FE /* SecondViewController.swift */ = {isa = PBXFileReference; lastKnownFileType = sourcecode.swift; path = SecondViewController.swift; sourceTree = "<group>"; };
/* End PBXFileReference section */

/* Begin PBXFrameworksBuildPhase section */
		1B43107F2B18C7A2000637FE /* Frameworks */ = {
			isa = PBXFrameworksBuildPhase;
			buildActionMask = 2147483647;
			files = (
			);
			runOnlyForDeploymentPostprocessing = 0;
		};
		1B4310952B18C7A4000637FE /* Frameworks */ = {
			isa = PBXFrameworksBuildPhase;
			buildActionMask = 2147483647;
			files = (
			);
			runOnlyForDeploymentPostprocessing = 0;
		};
		1B43109F2B18C7A4000637FE /* Frameworks */ = {
			isa = PBXFrameworksBuildPhase;
			buildActionMask = 2147483647;
			files = (
			);
			runOnlyForDeploymentPostprocessing = 0;
		};
/* End PBXFrameworksBuildPhase section */

/* Begin PBXGroup section */
		1B4310792B18C7A2000637FE = {
			isa = PBXGroup;
			children = (
				1B4310842B18C7A2000637FE /* GCD */,
				1B43109B2B18C7A4000637FE /* GCDTests */,
				1B4310A52B18C7A4000637FE /* GCDUITests */,
				1B4310832B18C7A2000637FE /* Products */,
			);
			sourceTree = "<group>";
		};
		1B4310832B18C7A2000637FE /* Products */ = {
			isa = PBXGroup;
			children = (
				1B4310822B18C7A2000637FE /* GCD.app */,
				1B4310982B18C7A4000637FE /* GCDTests.xctest */,
				1B4310A22B18C7A4000637FE /* GCDUITests.xctest */,
			);
			name = Products;
			sourceTree = "<group>";
		};
		1B4310842B18C7A2000637FE /* GCD */ = {
			isa = PBXGroup;
			children = (
				1B4310852B18C7A2000637FE /* AppDelegate.swift */,
				1B4310872B18C7A2000637FE /* SceneDelegate.swift */,
				1B4310892B18C7A2000637FE /* ViewController.swift */,
				1B4310B52B18C9C9000637FE /* SecondViewController.swift */,
				1B43108B2B18C7A2000637FE /* Main.storyboard */,
				1B43108E2B18C7A4000637FE /* Assets.xcassets */,
				1B4310902B18C7A4000637FE /* LaunchScreen.storyboard */,
				1B4310932B18C7A4000637FE /* Info.plist */,
			);
			path = GCD;
			sourceTree = "<group>";
		};
		1B43109B2B18C7A4000637FE /* GCDTests */ = {
			isa = PBXGroup;
			children = (
				1B43109C2B18C7A4000637FE /* GCDTests.swift */,
			);
			path = GCDTests;
			sourceTree = "<group>";
		};
		1B4310A52B18C7A4000637FE /* GCDUITests */ = {
			isa = PBXGroup;
			children = (
				1B4310A62B18C7A4000637FE /* GCDUITests.swift */,
				1B4310A82B18C7A4000637FE /* GCDUITestsLaunchTests.swift */,
			);
			path = GCDUITests;
			sourceTree = "<group>";
		};
/* End PBXGroup section */

/* Begin PBXNativeTarget section */
		1B4310812B18C7A2000637FE /* GCD */ = {
			isa = PBXNativeTarget;
			buildConfigurationList = 1B4310AC2B18C7A4000637FE /* Build configuration list for PBXNativeTarget "GCD" */;
			buildPhases = (
				1B43107E2B18C7A2000637FE /* Sources */,
				1B43107F2B18C7A2000637FE /* Frameworks */,
				1B4310802B18C7A2000637FE /* Resources */,
			);
			buildRules = (
			);
			dependencies = (
			);
			name = GCD;
			productName = GCD;
			productReference = 1B4310822B18C7A2000637FE /* GCD.app */;
			productType = "com.apple.product-type.application";
		};
		1B4310972B18C7A4000637FE /* GCDTests */ = {
			isa = PBXNativeTarget;
			buildConfigurationList = 1B4310AF2B18C7A4000637FE /* Build configuration list for PBXNativeTarget "GCDTests" */;
			buildPhases = (
				1B4310942B18C7A4000637FE /* Sources */,
				1B4310952B18C7A4000637FE /* Frameworks */,
				1B4310962B18C7A4000637FE /* Resources */,
			);
			buildRules = (
			);
			dependencies = (
				1B43109A2B18C7A4000637FE /* PBXTargetDependency */,
			);
			name = GCDTests;
			productName = GCDTests;
			productReference = 1B4310982B18C7A4000637FE /* GCDTests.xctest */;
			productType = "com.apple.product-type.bundle.unit-test";
		};
		1B4310A12B18C7A4000637FE /* GCDUITests */ = {
			isa = PBXNativeTarget;
			buildConfigurationList = 1B4310B22B18C7A4000637FE /* Build configuration list for PBXNativeTarget "GCDUITests" */;
			buildPhases = (
				1B43109E2B18C7A4000637FE /* Sources */,
				1B43109F2B18C7A4000637FE /* Frameworks */,
				1B4310A02B18C7A4000637FE /* Resources */,
			);
			buildRules = (
			);
			dependencies = (
				1B4310A42B18C7A4000637FE /* PBXTargetDependency */,
			);
			name = GCDUITests;
			productName = GCDUITests;
			productReference = 1B4310A22B18C7A4000637FE /* GCDUITests.xctest */;
			productType = "com.apple.product-type.bundle.ui-testing";
		};
/* End PBXNativeTarget section */

/* Begin PBXProject section */
		1B43107A2B18C7A2000637FE /* Project object */ = {
			isa = PBXProject;
			attributes = {
				BuildIndependentTargetsInParallel = 1;
				LastSwiftUpdateCheck = 1430;
				LastUpgradeCheck = 1430;
				TargetAttributes = {
					1B4310812B18C7A2000637FE = {
						CreatedOnToolsVersion = 14.3.1;
					};
					1B4310972B18C7A4000637FE = {
						CreatedOnToolsVersion = 14.3.1;
						TestTargetID = 1B4310812B18C7A2000637FE;
					};
					1B4310A12B18C7A4000637FE = {
						CreatedOnToolsVersion = 14.3.1;
						TestTargetID = 1B4310812B18C7A2000637FE;
					};
				};
			};
			buildConfigurationList = 1B43107D2B18C7A2000637FE /* Build configuration list for PBXProject "GCD" */;
			compatibilityVersion = "Xcode 14.0";
			developmentRegion = en;
			hasScannedForEncodings = 0;
			knownRegions = (
				en,
				Base,
			);
			mainGroup = 1B4310792B18C7A2000637FE;
			productRefGroup = 1B4310832B18C7A2000637FE /* Products */;
			projectDirPath = "";
			projectRoot = "";
			targets = (
				1B4310812B18C7A2000637FE /* GCD */,
				1B4310972B18C7A4000637FE /* GCDTests */,
				1B4310A12B18C7A4000637FE /* GCDUITests */,
			);
		};
/* End PBXProject section */

/* Begin PBXResourcesBuildPhase section */
		1B4310802B18C7A2000637FE /* Resources */ = {
			isa = PBXResourcesBuildPhase;
			buildActionMask = 2147483647;
			files = (
				1B4310922B18C7A4000637FE /* LaunchScreen.storyboard in Resources */,
				1B43108F2B18C7A4000637FE /* Assets.xcassets in Resources */,
				1B43108D2B18C7A2000637FE /* Main.storyboard in Resources */,
			);
			runOnlyForDeploymentPostprocessing = 0;
		};
		1B4310962B18C7A4000637FE /* Resources */ = {
			isa = PBXResourcesBuildPhase;
			buildActionMask = 2147483647;
			files = (
			);
			runOnlyForDeploymentPostprocessing = 0;
		};
		1B4310A02B18C7A4000637FE /* Resources */ = {
			isa = PBXResourcesBuildPhase;
			buildActionMask = 2147483647;
			files = (
			);
			runOnlyForDeploymentPostprocessing = 0;
		};
/* End PBXResourcesBuildPhase section */

/* Begin PBXSourcesBuildPhase section */
		1B43107E2B18C7A2000637FE /* Sources */ = {
			isa = PBXSourcesBuildPhase;
			buildActionMask = 2147483647;
			files = (
				1B4310B62B18C9C9000637FE /* SecondViewController.swift in Sources */,
				1B43108A2B18C7A2000637FE /* ViewController.swift in Sources */,
				1B4310862B18C7A2000637FE /* AppDelegate.swift in Sources */,
				1B4310882B18C7A2000637FE /* SceneDelegate.swift in Sources */,
			);
			runOnlyForDeploymentPostprocessing = 0;
		};
		1B4310942B18C7A4000637FE /* Sources */ = {
			isa = PBXSourcesBuildPhase;
			buildActionMask = 2147483647;
			files = (
				1B43109D2B18C7A4000637FE /* GCDTests.swift in Sources */,
			);
			runOnlyForDeploymentPostprocessing = 0;
		};
		1B43109E2B18C7A4000637FE /* Sources */ = {
			isa = PBXSourcesBuildPhase;
			buildActionMask = 2147483647;
			files = (
				1B4310A72B18C7A4000637FE /* GCDUITests.swift in Sources */,
				1B4310A92B18C7A4000637FE /* GCDUITestsLaunchTests.swift in Sources */,
			);
			runOnlyForDeploymentPostprocessing = 0;
		};
/* End PBXSourcesBuildPhase section */

/* Begin PBXTargetDependency section */
		1B43109A2B18C7A4000637FE /* PBXTargetDependency */ = {
			isa = PBXTargetDependency;
			target = 1B4310812B18C7A2000637FE /* GCD */;
			targetProxy = 1B4310992B18C7A4000637FE /* PBXContainerItemProxy */;
		};
		1B4310A42B18C7A4000637FE /* PBXTargetDependency */ = {
			isa = PBXTargetDependency;
			target = 1B4310812B18C7A2000637FE /* GCD */;
			targetProxy = 1B4310A32B18C7A4000637FE /* PBXContainerItemProxy */;
		};
/* End PBXTargetDependency section */

/* Begin PBXVariantGroup section */
		1B43108B2B18C7A2000637FE /* Main.storyboard */ = {
			isa = PBXVariantGroup;
			children = (
				1B43108C2B18C7A2000637FE /* Base */,
			);
			name = Main.storyboard;
			sourceTree = "<group>";
		};
		1B4310902B18C7A4000637FE /* LaunchScreen.storyboard */ = {
			isa = PBXVariantGroup;
			children = (
				1B4310912B18C7A4000637FE /* Base */,
			);
			name = LaunchScreen.storyboard;
			sourceTree = "<group>";
		};
/* End PBXVariantGroup section */

/* Begin XCBuildConfiguration section */
		1B4310AA2B18C7A4000637FE /* Debug */ = {
			isa = XCBuildConfiguration;
			buildSettings = {
				ALWAYS_SEARCH_USER_PATHS = NO;
				CLANG_ANALYZER_NONNULL = YES;
				CLANG_ANALYZER_NUMBER_OBJECT_CONVERSION = YES_AGGRESSIVE;
				CLANG_CXX_LANGUAGE_STANDARD = "gnu++20";
				CLANG_ENABLE_MODULES = YES;
				CLANG_ENABLE_OBJC_ARC = YES;
				CLANG_ENABLE_OBJC_WEAK = YES;
				CLANG_WARN_BLOCK_CAPTURE_AUTORELEASING = YES;
				CLANG_WARN_BOOL_CONVERSION = YES;
				CLANG_WARN_COMMA = YES;
				CLANG_WARN_CONSTANT_CONVERSION = YES;
				CLANG_WARN_DEPRECATED_OBJC_IMPLEMENTATIONS = YES;
				CLANG_WARN_DIRECT_OBJC_ISA_USAGE = YES_ERROR;
				CLANG_WARN_DOCUMENTATION_COMMENTS = YES;
				CLANG_WARN_EMPTY_BODY = YES;
				CLANG_WARN_ENUM_CONVERSION = YES;
				CLANG_WARN_INFINITE_RECURSION = YES;
				CLANG_WARN_INT_CONVERSION = YES;
				CLANG_WARN_NON_LITERAL_NULL_CONVERSION = YES;
				CLANG_WARN_OBJC_IMPLICIT_RETAIN_SELF = YES;
				CLANG_WARN_OBJC_LITERAL_CONVERSION = YES;
				CLANG_WARN_OBJC_ROOT_CLASS = YES_ERROR;
				CLANG_WARN_QUOTED_INCLUDE_IN_FRAMEWORK_HEADER = YES;
				CLANG_WARN_RANGE_LOOP_ANALYSIS = YES;
				CLANG_WARN_STRICT_PROTOTYPES = YES;
				CLANG_WARN_SUSPICIOUS_MOVE = YES;
				CLANG_WARN_UNGUARDED_AVAILABILITY = YES_AGGRESSIVE;
				CLANG_WARN_UNREACHABLE_CODE = YES;
				CLANG_WARN__DUPLICATE_METHOD_MATCH = YES;
				COPY_PHASE_STRIP = NO;
				DEBUG_INFORMATION_FORMAT = dwarf;
				ENABLE_STRICT_OBJC_MSGSEND = YES;
				ENABLE_TESTABILITY = YES;
				GCC_C_LANGUAGE_STANDARD = gnu11;
				GCC_DYNAMIC_NO_PIC = NO;
				GCC_NO_COMMON_BLOCKS = YES;
				GCC_OPTIMIZATION_LEVEL = 0;
				GCC_PREPROCESSOR_DEFINITIONS = (
					"DEBUG=1",
					"$(inherited)",
				);
				GCC_WARN_64_TO_32_BIT_CONVERSION = YES;
				GCC_WARN_ABOUT_RETURN_TYPE = YES_ERROR;
				GCC_WARN_UNDECLARED_SELECTOR = YES;
				GCC_WARN_UNINITIALIZED_AUTOS = YES_AGGRESSIVE;
				GCC_WARN_UNUSED_FUNCTION = YES;
				GCC_WARN_UNUSED_VARIABLE = YES;
				IPHONEOS_DEPLOYMENT_TARGET = 16.4;
				MTL_ENABLE_DEBUG_INFO = INCLUDE_SOURCE;
				MTL_FAST_MATH = YES;
				ONLY_ACTIVE_ARCH = YES;
				SDKROOT = iphoneos;
				SWIFT_ACTIVE_COMPILATION_CONDITIONS = DEBUG;
				SWIFT_OPTIMIZATION_LEVEL = "-Onone";
			};
			name = Debug;
		};
		1B4310AB2B18C7A4000637FE /* Release */ = {
			isa = XCBuildConfiguration;
			buildSettings = {
				ALWAYS_SEARCH_USER_PATHS = NO;
				CLANG_ANALYZER_NONNULL = YES;
				CLANG_ANALYZER_NUMBER_OBJECT_CONVERSION = YES_AGGRESSIVE;
				CLANG_CXX_LANGUAGE_STANDARD = "gnu++20";
				CLANG_ENABLE_MODULES = YES;
				CLANG_ENABLE_OBJC_ARC = YES;
				CLANG_ENABLE_OBJC_WEAK = YES;
				CLANG_WARN_BLOCK_CAPTURE_AUTORELEASING = YES;
				CLANG_WARN_BOOL_CONVERSION = YES;
				CLANG_WARN_COMMA = YES;
				CLANG_WARN_CONSTANT_CONVERSION = YES;
				CLANG_WARN_DEPRECATED_OBJC_IMPLEMENTATIONS = YES;
				CLANG_WARN_DIRECT_OBJC_ISA_USAGE = YES_ERROR;
				CLANG_WARN_DOCUMENTATION_COMMENTS = YES;
				CLANG_WARN_EMPTY_BODY = YES;
				CLANG_WARN_ENUM_CONVERSION = YES;
				CLANG_WARN_INFINITE_RECURSION = YES;
				CLANG_WARN_INT_CONVERSION = YES;
				CLANG_WARN_NON_LITERAL_NULL_CONVERSION = YES;
				CLANG_WARN_OBJC_IMPLICIT_RETAIN_SELF = YES;
				CLANG_WARN_OBJC_LITERAL_CONVERSION = YES;
				CLANG_WARN_OBJC_ROOT_CLASS = YES_ERROR;
				CLANG_WARN_QUOTED_INCLUDE_IN_FRAMEWORK_HEADER = YES;
				CLANG_WARN_RANGE_LOOP_ANALYSIS = YES;
				CLANG_WARN_STRICT_PROTOTYPES = YES;
				CLANG_WARN_SUSPICIOUS_MOVE = YES;
				CLANG_WARN_UNGUARDED_AVAILABILITY = YES_AGGRESSIVE;
				CLANG_WARN_UNREACHABLE_CODE = YES;
				CLANG_WARN__DUPLICATE_METHOD_MATCH = YES;
				COPY_PHASE_STRIP = NO;
				DEBUG_INFORMATION_FORMAT = "dwarf-with-dsym";
				ENABLE_NS_ASSERTIONS = NO;
				ENABLE_STRICT_OBJC_MSGSEND = YES;
				GCC_C_LANGUAGE_STANDARD = gnu11;
				GCC_NO_COMMON_BLOCKS = YES;
				GCC_WARN_64_TO_32_BIT_CONVERSION = YES;
				GCC_WARN_ABOUT_RETURN_TYPE = YES_ERROR;
				GCC_WARN_UNDECLARED_SELECTOR = YES;
				GCC_WARN_UNINITIALIZED_AUTOS = YES_AGGRESSIVE;
				GCC_WARN_UNUSED_FUNCTION = YES;
				GCC_WARN_UNUSED_VARIABLE = YES;
				IPHONEOS_DEPLOYMENT_TARGET = 16.4;
				MTL_ENABLE_DEBUG_INFO = NO;
				MTL_FAST_MATH = YES;
				SDKROOT = iphoneos;
				SWIFT_COMPILATION_MODE = wholemodule;
				SWIFT_OPTIMIZATION_LEVEL = "-O";
				VALIDATE_PRODUCT = YES;
			};
			name = Release;
		};
		1B4310AD2B18C7A4000637FE /* Debug */ = {
			isa = XCBuildConfiguration;
			buildSettings = {
				ASSETCATALOG_COMPILER_APPICON_NAME = AppIcon;
				ASSETCATALOG_COMPILER_GLOBAL_ACCENT_COLOR_NAME = AccentColor;
				CODE_SIGN_STYLE = Automatic;
				CURRENT_PROJECT_VERSION = 1;
				GENERATE_INFOPLIST_FILE = YES;
				INFOPLIST_FILE = GCD/Info.plist;
				INFOPLIST_KEY_UIApplicationSupportsIndirectInputEvents = YES;
				INFOPLIST_KEY_UILaunchStoryboardName = LaunchScreen;
				INFOPLIST_KEY_UIMainStoryboardFile = Main;
				INFOPLIST_KEY_UISupportedInterfaceOrientations_iPad = "UIInterfaceOrientationPortrait UIInterfaceOrientationPortraitUpsideDown UIInterfaceOrientationLandscapeLeft UIInterfaceOrientationLandscapeRight";
				INFOPLIST_KEY_UISupportedInterfaceOrientations_iPhone = "UIInterfaceOrientationPortrait UIInterfaceOrientationLandscapeLeft UIInterfaceOrientationLandscapeRight";
				LD_RUNPATH_SEARCH_PATHS = (
					"$(inherited)",
					"@executable_path/Frameworks",
				);
				MARKETING_VERSION = 1.0;
				PRODUCT_BUNDLE_IDENTIFIER = ru.akhmetgarevv.GCD;
				PRODUCT_NAME = "$(TARGET_NAME)";
				SWIFT_EMIT_LOC_STRINGS = YES;
				SWIFT_VERSION = 5.0;
				TARGETED_DEVICE_FAMILY = "1,2";
			};
			name = Debug;
		};
		1B4310AE2B18C7A4000637FE /* Release */ = {
			isa = XCBuildConfiguration;
			buildSettings = {
				ASSETCATALOG_COMPILER_APPICON_NAME = AppIcon;
				ASSETCATALOG_COMPILER_GLOBAL_ACCENT_COLOR_NAME = AccentColor;
				CODE_SIGN_STYLE = Automatic;
				CURRENT_PROJECT_VERSION = 1;
				GENERATE_INFOPLIST_FILE = YES;
				INFOPLIST_FILE = GCD/Info.plist;
				INFOPLIST_KEY_UIApplicationSupportsIndirectInputEvents = YES;
				INFOPLIST_KEY_UILaunchStoryboardName = LaunchScreen;
				INFOPLIST_KEY_UIMainStoryboardFile = Main;
				INFOPLIST_KEY_UISupportedInterfaceOrientations_iPad = "UIInterfaceOrientationPortrait UIInterfaceOrientationPortraitUpsideDown UIInterfaceOrientationLandscapeLeft UIInterfaceOrientationLandscapeRight";
				INFOPLIST_KEY_UISupportedInterfaceOrientations_iPhone = "UIInterfaceOrientationPortrait UIInterfaceOrientationLandscapeLeft UIInterfaceOrientationLandscapeRight";
				LD_RUNPATH_SEARCH_PATHS = (
					"$(inherited)",
					"@executable_path/Frameworks",
				);
				MARKETING_VERSION = 1.0;
				PRODUCT_BUNDLE_IDENTIFIER = ru.akhmetgarevv.GCD;
				PRODUCT_NAME = "$(TARGET_NAME)";
				SWIFT_EMIT_LOC_STRINGS = YES;
				SWIFT_VERSION = 5.0;
				TARGETED_DEVICE_FAMILY = "1,2";
			};
			name = Release;
		};
		1B4310B02B18C7A4000637FE /* Debug */ = {
			isa = XCBuildConfiguration;
			buildSettings = {
				ALWAYS_EMBED_SWIFT_STANDARD_LIBRARIES = YES;
				BUNDLE_LOADER = "$(TEST_HOST)";
				CODE_SIGN_STYLE = Automatic;
				CURRENT_PROJECT_VERSION = 1;
				GENERATE_INFOPLIST_FILE = YES;
				IPHONEOS_DEPLOYMENT_TARGET = 16.4;
				MARKETING_VERSION = 1.0;
				PRODUCT_BUNDLE_IDENTIFIER = ru.akhmetgarevv.GCDTests;
				PRODUCT_NAME = "$(TARGET_NAME)";
				SWIFT_EMIT_LOC_STRINGS = NO;
				SWIFT_VERSION = 5.0;
				TARGETED_DEVICE_FAMILY = "1,2";
				TEST_HOST = "$(BUILT_PRODUCTS_DIR)/GCD.app/$(BUNDLE_EXECUTABLE_FOLDER_PATH)/GCD";
			};
			name = Debug;
		};
		1B4310B12B18C7A4000637FE /* Release */ = {
			isa = XCBuildConfiguration;
			buildSettings = {
				ALWAYS_EMBED_SWIFT_STANDARD_LIBRARIES = YES;
				BUNDLE_LOADER = "$(TEST_HOST)";
				CODE_SIGN_STYLE = Automatic;
				CURRENT_PROJECT_VERSION = 1;
				GENERATE_INFOPLIST_FILE = YES;
				IPHONEOS_DEPLOYMENT_TARGET = 16.4;
				MARKETING_VERSION = 1.0;
				PRODUCT_BUNDLE_IDENTIFIER = ru.akhmetgarevv.GCDTests;
				PRODUCT_NAME = "$(TARGET_NAME)";
				SWIFT_EMIT_LOC_STRINGS = NO;
				SWIFT_VERSION = 5.0;
				TARGETED_DEVICE_FAMILY = "1,2";
				TEST_HOST = "$(BUILT_PRODUCTS_DIR)/GCD.app/$(BUNDLE_EXECUTABLE_FOLDER_PATH)/GCD";
			};
			name = Release;
		};
		1B4310B32B18C7A4000637FE /* Debug */ = {
			isa = XCBuildConfiguration;
			buildSettings = {
				ALWAYS_EMBED_SWIFT_STANDARD_LIBRARIES = YES;
				CODE_SIGN_STYLE = Automatic;
				CURRENT_PROJECT_VERSION = 1;
				GENERATE_INFOPLIST_FILE = YES;
				MARKETING_VERSION = 1.0;
				PRODUCT_BUNDLE_IDENTIFIER = ru.akhmetgarevv.GCDUITests;
				PRODUCT_NAME = "$(TARGET_NAME)";
				SWIFT_EMIT_LOC_STRINGS = NO;
				SWIFT_VERSION = 5.0;
				TARGETED_DEVICE_FAMILY = "1,2";
				TEST_TARGET_NAME = GCD;
			};
			name = Debug;
		};
		1B4310B42B18C7A4000637FE /* Release */ = {
			isa = XCBuildConfiguration;
			buildSettings = {
				ALWAYS_EMBED_SWIFT_STANDARD_LIBRARIES = YES;
				CODE_SIGN_STYLE = Automatic;
				CURRENT_PROJECT_VERSION = 1;
				GENERATE_INFOPLIST_FILE = YES;
				MARKETING_VERSION = 1.0;
				PRODUCT_BUNDLE_IDENTIFIER = ru.akhmetgarevv.GCDUITests;
				PRODUCT_NAME = "$(TARGET_NAME)";
				SWIFT_EMIT_LOC_STRINGS = NO;
				SWIFT_VERSION = 5.0;
				TARGETED_DEVICE_FAMILY = "1,2";
				TEST_TARGET_NAME = GCD;
			};
			name = Release;
		};
/* End XCBuildConfiguration section */

/* Begin XCConfigurationList section */
		1B43107D2B18C7A2000637FE /* Build configuration list for PBXProject "GCD" */ = {
			isa = XCConfigurationList;
			buildConfigurations = (
				1B4310AA2B18C7A4000637FE /* Debug */,
				1B4310AB2B18C7A4000637FE /* Release */,
			);
			defaultConfigurationIsVisible = 0;
			defaultConfigurationName = Release;
		};
		1B4310AC2B18C7A4000637FE /* Build configuration list for PBXNativeTarget "GCD" */ = {
			isa = XCConfigurationList;
			buildConfigurations = (
				1B4310AD2B18C7A4000637FE /* Debug */,
				1B4310AE2B18C7A4000637FE /* Release */,
			);
			defaultConfigurationIsVisible = 0;
			defaultConfigurationName = Release;
		};
		1B4310AF2B18C7A4000637FE /* Build configuration list for PBXNativeTarget "GCDTests" */ = {
			isa = XCConfigurationList;
			buildConfigurations = (
				1B4310B02B18C7A4000637FE /* Debug */,
				1B4310B12B18C7A4000637FE /* Release */,
			);
			defaultConfigurationIsVisible = 0;
			defaultConfigurationName = Release;
		};
		1B4310B22B18C7A4000637FE /* Build configuration list for PBXNativeTarget "GCDUITests" */ = {
			isa = XCConfigurationList;
			buildConfigurations = (
				1B4310B32B18C7A4000637FE /* Debug */,
				1B4310B42B18C7A4000637FE /* Release */,
			);
			defaultConfigurationIsVisible = 0;
			defaultConfigurationName = Release;
		};
/* End XCConfigurationList section */
	};
	rootObject = 1B43107A2B18C7A2000637FE /* Project object */;
}
